dependencies:
- name: grafana
  repository: https://grafana.github.io/helm-charts
  version: 9.3.4
- name: pg-cluster-recovery-test
  repository: https://giantswarm.github.io/giantswarm-catalog
  version: 0.2.0
digest: sha256:de7008adec2588c8c88e48be0b46f2d076555552bf16e90d89590e3af50e0f4a
generated: "2025-08-22T20:41:27.055876025Z"
