dependencies:
- name: grafana
  repository: https://grafana-community.github.io/helm-charts
  version: 12.3.0
- name: pg-cluster-recovery-test
  repository: https://giantswarm.github.io/giantswarm-catalog
  version: 0.5.0
digest: sha256:e94269a29b52a53c6213c4274bafabeda7b8789b52e999545b3afc3f061ab39d
generated: "2026-04-30T07:49:28.545663997Z"
